// !$*UTF8*$!
{
	archiveVersion = 1;
	classes = {
	};
	objectVersion = 55;
	objects = {

/* Begin PBXBuildFile section */
		F3968EBF2820392700661875 /* SDL2.framework in Frameworks */ = {isa = PBXBuildFile; fileRef = F3968EBE2820392700661875 /* SDL2.framework */; };
		F3968EC1282039AC00661875 /* SDL2.framework in Frameworks */ = {isa = PBXBuildFile; fileRef = F3968EC0282039AC00661875 /* SDL2.framework */; };
		F3968EC3282039BC00661875 /* SDL2.framework in Frameworks */ = {isa = PBXBuildFile; fileRef = F3968EC2282039BC00661875 /* SDL2.framework */; };
		F3968ECE28203E7300661875 /* SDL2.framework in Copy Frameworks */ = {isa = PBXBuildFile; fileRef = F3968EBE2820392700661875 /* SDL2.framework */; settings = {ATTRIBUTES = (CodeSignOnCopy, RemoveHeadersOnCopy, ); }; };
		F3968ECF28203F3100661875 /* SDL2_mixer.framework in Copy Frameworks */ = {isa = PBXBuildFile; fileRef = F3ED80D4281D9ED600C33C5B /* SDL2_mixer.framework */; settings = {ATTRIBUTES = (CodeSignOnCopy, RemoveHeadersOnCopy, ); }; };
		F3968ED128203F5800661875 /* libmodplug.framework in Copy Frameworks */ = {isa = PBXBuildFile; fileRef = F3968E9E282038D700661875 /* libmodplug.framework */; settings = {ATTRIBUTES = (CodeSignOnCopy, RemoveHeadersOnCopy, ); }; };
		F3968ED328203F5800661875 /* ogg.framework in Copy Frameworks */ = {isa = PBXBuildFile; fileRef = F3968EBC2820390500661875 /* ogg.framework */; settings = {ATTRIBUTES = (CodeSignOnCopy, RemoveHeadersOnCopy, ); }; };
		F3968ED428203F5800661875 /* opus.framework in Copy Frameworks */ = {isa = PBXBuildFile; fileRef = F3968EAA282038E000661875 /* opus.framework */; settings = {ATTRIBUTES = (CodeSignOnCopy, RemoveHeadersOnCopy, ); }; };
		F3968EEF2820409F00661875 /* SDL2.framework in Copy Frameworks */ = {isa = PBXBuildFile; fileRef = F3968EC0282039AC00661875 /* SDL2.framework */; settings = {ATTRIBUTES = (CodeSignOnCopy, RemoveHeadersOnCopy, ); }; };
		F3968EF1282040B300661875 /* libmodplug.framework in Copy Frameworks */ = {isa = PBXBuildFile; fileRef = F3968E9E282038D700661875 /* libmodplug.framework */; settings = {ATTRIBUTES = (CodeSignOnCopy, RemoveHeadersOnCopy, ); }; };
		F3968EF3282040B300661875 /* ogg.framework in Copy Frameworks */ = {isa = PBXBuildFile; fileRef = F3968EBC2820390500661875 /* ogg.framework */; settings = {ATTRIBUTES = (CodeSignOnCopy, RemoveHeadersOnCopy, ); }; };
		F3968EF4282040B300661875 /* opus.framework in Copy Frameworks */ = {isa = PBXBuildFile; fileRef = F3968EAA282038E000661875 /* opus.framework */; settings = {ATTRIBUTES = (CodeSignOnCopy, RemoveHeadersOnCopy, ); }; };
		F3968F0F2820428F00661875 /* libmodplug.framework in Copy Frameworks */ = {isa = PBXBuildFile; fileRef = F3968E9E282038D700661875 /* libmodplug.framework */; settings = {ATTRIBUTES = (CodeSignOnCopy, RemoveHeadersOnCopy, ); }; };
		F3968F112820428F00661875 /* ogg.framework in Copy Frameworks */ = {isa = PBXBuildFile; fileRef = F3968EBC2820390500661875 /* ogg.framework */; settings = {ATTRIBUTES = (CodeSignOnCopy, RemoveHeadersOnCopy, ); }; };
		F3968F122820428F00661875 /* opus.framework in Copy Frameworks */ = {isa = PBXBuildFile; fileRef = F3968EAA282038E000661875 /* opus.framework */; settings = {ATTRIBUTES = (CodeSignOnCopy, RemoveHeadersOnCopy, ); }; };
		F3968F142820428F00661875 /* SDL2.framework in Copy Frameworks */ = {isa = PBXBuildFile; fileRef = F3968EC2282039BC00661875 /* SDL2.framework */; settings = {ATTRIBUTES = (CodeSignOnCopy, RemoveHeadersOnCopy, ); }; };
		F39CD44B281DC6C8006CF638 /* SDL2_mixer.framework in Copy Frameworks */ = {isa = PBXBuildFile; fileRef = F3ED80D4281D9ED600C33C5B /* SDL2_mixer.framework */; settings = {ATTRIBUTES = (CodeSignOnCopy, RemoveHeadersOnCopy, ); }; };
		F3ED80CB281D9ECB00C33C5B /* playmus.c in Sources */ = {isa = PBXBuildFile; fileRef = F3ED80CA281D9ECB00C33C5B /* playmus.c */; };
		F3ED80CC281D9ECB00C33C5B /* playmus.c in Sources */ = {isa = PBXBuildFile; fileRef = F3ED80CA281D9ECB00C33C5B /* playmus.c */; };
		F3ED80DB281D9F2100C33C5B /* playmus.c in Sources */ = {isa = PBXBuildFile; fileRef = F3ED80CA281D9ECB00C33C5B /* playmus.c */; };
		F3ED80E3281DA16500C33C5B /* SDL2_mixer.framework in Frameworks */ = {isa = PBXBuildFile; fileRef = F3ED80D4281D9ED600C33C5B /* SDL2_mixer.framework */; };
		F3ED80F3281DA3BD00C33C5B /* SDL_uikit_main.c in Sources */ = {isa = PBXBuildFile; fileRef = F3ED80EF281DA3BD00C33C5B /* SDL_uikit_main.c */; };
		F3ED80F4281DA3BD00C33C5B /* SDL_uikit_main.c in Sources */ = {isa = PBXBuildFile; fileRef = F3ED80EF281DA3BD00C33C5B /* SDL_uikit_main.c */; };
		F3ED80F5281DA3F600C33C5B /* SDL2_mixer.framework in Frameworks */ = {isa = PBXBuildFile; fileRef = F3ED80D4281D9ED600C33C5B /* SDL2_mixer.framework */; };
		F3ED80FF281DA63000C33C5B /* SDL2_mixer.framework in Copy Frameworks */ = {isa = PBXBuildFile; fileRef = F3ED80D4281D9ED600C33C5B /* SDL2_mixer.framework */; settings = {ATTRIBUTES = (CodeSignOnCopy, RemoveHeadersOnCopy, ); }; };
		F3ED8113281DC13D00C33C5B /* SDL2_mixer.framework in Frameworks */ = {isa = PBXBuildFile; fileRef = F3ED80D4281D9ED600C33C5B /* SDL2_mixer.framework */; };
/* End PBXBuildFile section */

/* Begin PBXContainerItemProxy section */
		F3968E9D282038D700661875 /* PBXContainerItemProxy */ = {
			isa = PBXContainerItemProxy;
			containerPortal = F3968E99282038D700661875 /* libmodplug.xcodeproj */;
			proxyType = 2;
			remoteGlobalIDString = F3968D85281FBB1900661875;
			remoteInfo = libmodplug;
		};
		F3968EA9282038E000661875 /* PBXContainerItemProxy */ = {
			isa = PBXContainerItemProxy;
			containerPortal = F3968EA5282038E000661875 /* opus.xcodeproj */;
			proxyType = 2;
			remoteGlobalIDString = F3968A21281F704800661875;
			remoteInfo = opus;
		};
		F3968EBB2820390500661875 /* PBXContainerItemProxy */ = {
			isa = PBXContainerItemProxy;
			containerPortal = F3968EB72820390500661875 /* ogg.xcodeproj */;
			proxyType = 2;
			remoteGlobalIDString = F3F70EDA281F61B4005AA27D;
			remoteInfo = ogg;
		};
		F3ED80D3281D9ED600C33C5B /* PBXContainerItemProxy */ = {
			isa = PBXContainerItemProxy;
			containerPortal = F3ED80CD281D9ED600C33C5B /* SDL_mixer.xcodeproj */;
			proxyType = 2;
			remoteGlobalIDString = BE1FA72E07AF4C45004B6283;
			remoteInfo = Framework;
		};
		F3ED80D5281D9ED600C33C5B /* PBXContainerItemProxy */ = {
			isa = PBXContainerItemProxy;
			containerPortal = F3ED80CD281D9ED600C33C5B /* SDL_mixer.xcodeproj */;
			proxyType = 2;
			remoteGlobalIDString = BE1FA74107AF4C45004B6283;
			remoteInfo = "Static Library";
		};
		F3ED80D7281D9ED600C33C5B /* PBXContainerItemProxy */ = {
			isa = PBXContainerItemProxy;
			containerPortal = F3ED80CD281D9ED600C33C5B /* SDL_mixer.xcodeproj */;
			proxyType = 2;
			remoteGlobalIDString = BE1FA74507AF4C45004B6283;
			remoteInfo = "Create DMG";
		};
/* End PBXContainerItemProxy section */

/* Begin PBXCopyFilesBuildPhase section */
		F39CD449281DC695006CF638 /* Copy Frameworks */ = {
			isa = PBXCopyFilesBuildPhase;
			buildActionMask = 2147483647;
			dstPath = "";
			dstSubfolderSpec = 10;
			files = (
				F3968F142820428F00661875 /* SDL2.framework in Copy Frameworks */,
				F39CD44B281DC6C8006CF638 /* SDL2_mixer.framework in Copy Frameworks */,
				F3968F0F2820428F00661875 /* libmodplug.framework in Copy Frameworks */,
				F3968F112820428F00661875 /* ogg.framework in Copy Frameworks */,
				F3968F122820428F00661875 /* opus.framework in Copy Frameworks */,
			);
			name = "Copy Frameworks";
			runOnlyForDeploymentPostprocessing = 0;
		};
		F3ED80EC281DA29B00C33C5B /* Copy Frameworks */ = {
			isa = PBXCopyFilesBuildPhase;
			buildActionMask = 2147483647;
			dstPath = "";
			dstSubfolderSpec = 10;
			files = (
				F3968ECE28203E7300661875 /* SDL2.framework in Copy Frameworks */,
				F3968ECF28203F3100661875 /* SDL2_mixer.framework in Copy Frameworks */,
				F3968ED128203F5800661875 /* libmodplug.framework in Copy Frameworks */,
				F3968ED328203F5800661875 /* ogg.framework in Copy Frameworks */,
				F3968ED428203F5800661875 /* opus.framework in Copy Frameworks */,
			);
			name = "Copy Frameworks";
			runOnlyForDeploymentPostprocessing = 0;
		};
		F3ED80FA281DA44400C33C5B /* Copy Frameworks */ = {
			isa = PBXCopyFilesBuildPhase;
			buildActionMask = 12;
			dstPath = "";
			dstSubfolderSpec = 10;
			files = (
				F3968EEF2820409F00661875 /* SDL2.framework in Copy Frameworks */,
				F3ED80FF281DA63000C33C5B /* SDL2_mixer.framework in Copy Frameworks */,
				F3968EF1282040B300661875 /* libmodplug.framework in Copy Frameworks */,
				F3968EF3282040B300661875 /* ogg.framework in Copy Frameworks */,
				F3968EF4282040B300661875 /* opus.framework in Copy Frameworks */,
			);
			name = "Copy Frameworks";
			runOnlyForDeploymentPostprocessing = 0;
		};
/* End PBXCopyFilesBuildPhase section */

/* Begin PBXFileReference section */
		F3968E99282038D700661875 /* libmodplug.xcodeproj */ = {isa = PBXFileReference; lastKnownFileType = "wrapper.pb-project"; name = libmodplug.xcodeproj; path = ../libmodplug/libmodplug.xcodeproj; sourceTree = "<group>"; };
		F3968EA5282038E000661875 /* opus.xcodeproj */ = {isa = PBXFileReference; lastKnownFileType = "wrapper.pb-project"; name = opus.xcodeproj; path = ../opus/opus.xcodeproj; sourceTree = "<group>"; };
		F3968EB72820390500661875 /* ogg.xcodeproj */ = {isa = PBXFileReference; lastKnownFileType = "wrapper.pb-project"; name = ogg.xcodeproj; path = ../ogg/ogg.xcodeproj; sourceTree = "<group>"; };
		F3968EBE2820392700661875 /* SDL2.framework */ = {isa = PBXFileReference; lastKnownFileType = wrapper.framework; name = SDL2.framework; path = ../macOS/SDL2.framework; sourceTree = "<group>"; };
		F3968EC0282039AC00661875 /* SDL2.framework */ = {isa = PBXFileReference; lastKnownFileType = wrapper.framework; name = SDL2.framework; path = ../iOS/SDL2.framework; sourceTree = "<group>"; };
		F3968EC2282039BC00661875 /* SDL2.framework */ = {isa = PBXFileReference; lastKnownFileType = wrapper.framework; name = SDL2.framework; path = ../tvOS/SDL2.framework; sourceTree = "<group>"; };
		F3ED80B3281D9E8900C33C5B /* playmus.app */ = {isa = PBXFileReference; explicitFileType = wrapper.application; includeInIndex = 0; path = playmus.app; sourceTree = BUILT_PRODUCTS_DIR; };
		F3ED80B9281D9E8900C33C5B /* playmus.app */ = {isa = PBXFileReference; explicitFileType = wrapper.application; includeInIndex = 0; path = playmus.app; sourceTree = BUILT_PRODUCTS_DIR; };
		F3ED80BB281D9E8900C33C5B /* macOS.entitlements */ = {isa = PBXFileReference; lastKnownFileType = text.plist.entitlements; path = macOS.entitlements; sourceTree = "<group>"; };
		F3ED80CA281D9ECB00C33C5B /* playmus.c */ = {isa = PBXFileReference; fileEncoding = 4; lastKnownFileType = sourcecode.c.c; name = playmus.c; path = ../../playmus.c; sourceTree = SOURCE_ROOT; };
		F3ED80CD281D9ED600C33C5B /* SDL_mixer.xcodeproj */ = {isa = PBXFileReference; lastKnownFileType = "wrapper.pb-project"; name = SDL_mixer.xcodeproj; path = ../SDL_mixer.xcodeproj; sourceTree = "<group>"; };
		F3ED80E1281D9F2100C33C5B /* playmus.app */ = {isa = PBXFileReference; explicitFileType = wrapper.application; includeInIndex = 0; path = playmus.app; sourceTree = BUILT_PRODUCTS_DIR; };
		F3ED80EF281DA3BD00C33C5B /* SDL_uikit_main.c */ = {isa = PBXFileReference; fileEncoding = 4; lastKnownFileType = sourcecode.c.c; path = SDL_uikit_main.c; sourceTree = SOURCE_ROOT; };
/* End PBXFileReference section */

/* Begin PBXFrameworksBuildPhase section */
		F3ED80B0281D9E8900C33C5B /* Frameworks */ = {
			isa = PBXFrameworksBuildPhase;
			buildActionMask = 2147483647;
			files = (
				F3968EC1282039AC00661875 /* SDL2.framework in Frameworks */,
				F3ED80F5281DA3F600C33C5B /* SDL2_mixer.framework in Frameworks */,
			);
			runOnlyForDeploymentPostprocessing = 0;
		};
		F3ED80B6281D9E8900C33C5B /* Frameworks */ = {
			isa = PBXFrameworksBuildPhase;
			buildActionMask = 2147483647;
			files = (
				F3968EBF2820392700661875 /* SDL2.framework in Frameworks */,
				F3ED80E3281DA16500C33C5B /* SDL2_mixer.framework in Frameworks */,
			);
			runOnlyForDeploymentPostprocessing = 0;
		};
		F3ED80DC281D9F2100C33C5B /* Frameworks */ = {
			isa = PBXFrameworksBuildPhase;
			buildActionMask = 2147483647;
			files = (
				F3968EC3282039BC00661875 /* SDL2.framework in Frameworks */,
				F3ED8113281DC13D00C33C5B /* SDL2_mixer.framework in Frameworks */,
			);
			runOnlyForDeploymentPostprocessing = 0;
		};
/* End PBXFrameworksBuildPhase section */

/* Begin PBXGroup section */
		F3968E9A282038D700661875 /* Products */ = {
			isa = PBXGroup;
			children = (
				F3968E9E282038D700661875 /* libmodplug.framework */,
			);
			name = Products;
			sourceTree = "<group>";
		};
		F3968EA6282038E000661875 /* Products */ = {
			isa = PBXGroup;
			children = (
				F3968EAA282038E000661875 /* opus.framework */,
			);
			name = Products;
			sourceTree = "<group>";
		};
		F3968EB82820390500661875 /* Products */ = {
			isa = PBXGroup;
			children = (
				F3968EBC2820390500661875 /* ogg.framework */,
			);
			name = Products;
			sourceTree = "<group>";
		};
		F3968EBD2820392700661875 /* Frameworks */ = {
			isa = PBXGroup;
			children = (
				F3968EC728203DD200661875 /* macOS */,
				F3968EC828203DDA00661875 /* iOS */,
				F3968EC928203DDE00661875 /* tvOS */,
			);
			name = Frameworks;
			sourceTree = "<group>";
		};
		F3968EC728203DD200661875 /* macOS */ = {
			isa = PBXGroup;
			children = (
				F3968EBE2820392700661875 /* SDL2.framework */,
			);
			name = macOS;
			sourceTree = "<group>";
		};
		F3968EC828203DDA00661875 /* iOS */ = {
			isa = PBXGroup;
			children = (
				F3968EC0282039AC00661875 /* SDL2.framework */,
			);
			name = iOS;
			sourceTree = "<group>";
		};
		F3968EC928203DDE00661875 /* tvOS */ = {
			isa = PBXGroup;
			children = (
				F3968EC2282039BC00661875 /* SDL2.framework */,
			);
			name = tvOS;
			sourceTree = "<group>";
		};
		F3ED80A6281D9E8800C33C5B = {
			isa = PBXGroup;
			children = (
				F3968E99282038D700661875 /* libmodplug.xcodeproj */,
				F3968EB72820390500661875 /* ogg.xcodeproj */,
				F3968EA5282038E000661875 /* opus.xcodeproj */,
				F3ED80CD281D9ED600C33C5B /* SDL_mixer.xcodeproj */,
				F3ED80AB281D9E8800C33C5B /* Shared */,
				F3ED80BA281D9E8900C33C5B /* macOS */,
				F3ED80B4281D9E8900C33C5B /* Products */,
				F3968EBD2820392700661875 /* Frameworks */,
			);
			sourceTree = "<group>";
		};
		F3ED80AB281D9E8800C33C5B /* Shared */ = {
			isa = PBXGroup;
			children = (
				F3ED80CA281D9ECB00C33C5B /* playmus.c */,
				F3ED80EF281DA3BD00C33C5B /* SDL_uikit_main.c */,
			);
			name = Shared;
			sourceTree = SOURCE_ROOT;
		};
		F3ED80B4281D9E8900C33C5B /* Products */ = {
			isa = PBXGroup;
			children = (
				F3ED80B3281D9E8900C33C5B /* playmus.app */,
				F3ED80B9281D9E8900C33C5B /* playmus.app */,
				F3ED80E1281D9F2100C33C5B /* playmus.app */,
			);
			name = Products;
			sourceTree = "<group>";
		};
		F3ED80BA281D9E8900C33C5B /* macOS */ = {
			isa = PBXGroup;
			children = (
				F3ED80BB281D9E8900C33C5B /* macOS.entitlements */,
			);
			path = macOS;
			sourceTree = "<group>";
		};
		F3ED80CE281D9ED600C33C5B /* Products */ = {
			isa = PBXGroup;
			children = (
				F3ED80D4281D9ED600C33C5B /* SDL2_mixer.framework */,
				F3ED80D6281D9ED600C33C5B /* libSDL2_mixer.a */,
				F3ED80D8281D9ED600C33C5B /* Create DMG */,
			);
			name = Products;
			sourceTree = "<group>";
		};
/* End PBXGroup section */

/* Begin PBXNativeTarget section */
		F3ED80B2281D9E8900C33C5B /* playmus (iOS) */ = {
			isa = PBXNativeTarget;
			buildConfigurationList = F3ED80C4281D9E8900C33C5B /* Build configuration list for PBXNativeTarget "playmus (iOS)" */;
			buildPhases = (
				F3ED80AF281D9E8900C33C5B /* Sources */,
				F3ED80B0281D9E8900C33C5B /* Frameworks */,
				F3ED80B1281D9E8900C33C5B /* Resources */,
				F3ED80FA281DA44400C33C5B /* Copy Frameworks */,
			);
			buildRules = (
			);
			dependencies = (
			);
			name = "playmus (iOS)";
			productName = "playmus (iOS)";
			productReference = F3ED80B3281D9E8900C33C5B /* playmus.app */;
			productType = "com.apple.product-type.application";
		};
		F3ED80B8281D9E8900C33C5B /* playmus (macOS) */ = {
			isa = PBXNativeTarget;
			buildConfigurationList = F3ED80C7281D9E8900C33C5B /* Build configuration list for PBXNativeTarget "playmus (macOS)" */;
			buildPhases = (
				F3ED80B5281D9E8900C33C5B /* Sources */,
				F3ED80B6281D9E8900C33C5B /* Frameworks */,
				F3ED80B7281D9E8900C33C5B /* Resources */,
				F3ED80EC281DA29B00C33C5B /* Copy Frameworks */,
			);
			buildRules = (
			);
			dependencies = (
			);
			name = "playmus (macOS)";
			productName = "playmus (macOS)";
			productReference = F3ED80B9281D9E8900C33C5B /* playmus.app */;
			productType = "com.apple.product-type.application";
		};
		F3ED80D9281D9F2100C33C5B /* playmus (tvOS) */ = {
			isa = PBXNativeTarget;
			buildConfigurationList = F3ED80DE281D9F2100C33C5B /* Build configuration list for PBXNativeTarget "playmus (tvOS)" */;
			buildPhases = (
				F3ED80DA281D9F2100C33C5B /* Sources */,
				F3ED80DC281D9F2100C33C5B /* Frameworks */,
				F3ED80DD281D9F2100C33C5B /* Resources */,
				F39CD449281DC695006CF638 /* Copy Frameworks */,
			);
			buildRules = (
			);
			dependencies = (
			);
			name = "playmus (tvOS)";
			productName = "playmus (iOS)";
			productReference = F3ED80E1281D9F2100C33C5B /* playmus.app */;
			productType = "com.apple.product-type.application";
		};
/* End PBXNativeTarget section */

/* Begin PBXProject section */
		F3ED80A7281D9E8800C33C5B /* Project object */ = {
			isa = PBXProject;
			attributes = {
				BuildIndependentTargetsInParallel = 1;
				LastSwiftUpdateCheck = 1330;
				LastUpgradeCheck = 1330;
				TargetAttributes = {
					F3ED80B2281D9E8900C33C5B = {
						CreatedOnToolsVersion = 13.3.1;
					};
					F3ED80B8281D9E8900C33C5B = {
						CreatedOnToolsVersion = 13.3.1;
					};
				};
			};
			buildConfigurationList = F3ED80AA281D9E8800C33C5B /* Build configuration list for PBXProject "playmus" */;
			compatibilityVersion = "Xcode 13.0";
			developmentRegion = en;
			hasScannedForEncodings = 0;
			knownRegions = (
				en,
				Base,
			);
			mainGroup = F3ED80A6281D9E8800C33C5B;
			productRefGroup = F3ED80B4281D9E8900C33C5B /* Products */;
			projectDirPath = "";
			projectReferences = (
				{
					ProductGroup = F3968E9A282038D700661875 /* Products */;
					ProjectRef = F3968E99282038D700661875 /* libmodplug.xcodeproj */;
				},
				{
					ProductGroup = F3968EB82820390500661875 /* Products */;
					ProjectRef = F3968EB72820390500661875 /* ogg.xcodeproj */;
				},
				{
					ProductGroup = F3968EA6282038E000661875 /* Products */;
					ProjectRef = F3968EA5282038E000661875 /* opus.xcodeproj */;
				},
				{
					ProductGroup = F3ED80CE281D9ED600C33C5B /* Products */;
					ProjectRef = F3ED80CD281D9ED600C33C5B /* SDL_mixer.xcodeproj */;
				},
			);
			projectRoot = "";
			targets = (
				F3ED80B2281D9E8900C33C5B /* playmus (iOS) */,
				F3ED80B8281D9E8900C33C5B /* playmus (macOS) */,
				F3ED80D9281D9F2100C33C5B /* playmus (tvOS) */,
			);
		};
/* End PBXProject section */

/* Begin PBXReferenceProxy section */
		F3968E9E282038D700661875 /* libmodplug.framework */ = {
			isa = PBXReferenceProxy;
			fileType = wrapper.framework;
			path = libmodplug.framework;
			remoteRef = F3968E9D282038D700661875 /* PBXContainerItemProxy */;
			sourceTree = BUILT_PRODUCTS_DIR;
		};
		F3968EAA282038E000661875 /* opus.framework */ = {
			isa = PBXReferenceProxy;
			fileType = wrapper.framework;
			path = opus.framework;
			remoteRef = F3968EA9282038E000661875 /* PBXContainerItemProxy */;
			sourceTree = BUILT_PRODUCTS_DIR;
		};
		F3968EBC2820390500661875 /* ogg.framework */ = {
			isa = PBXReferenceProxy;
			fileType = wrapper.framework;
			path = ogg.framework;
			remoteRef = F3968EBB2820390500661875 /* PBXContainerItemProxy */;
			sourceTree = BUILT_PRODUCTS_DIR;
		};
		F3ED80D4281D9ED600C33C5B /* SDL2_mixer.framework */ = {
			isa = PBXReferenceProxy;
			fileType = wrapper.framework;
			path = SDL2_mixer.framework;
			remoteRef = F3ED80D3281D9ED600C33C5B /* PBXContainerItemProxy */;
			sourceTree = BUILT_PRODUCTS_DIR;
		};
		F3ED80D6281D9ED600C33C5B /* libSDL2_mixer.a */ = {
			isa = PBXReferenceProxy;
			fileType = archive.ar;
			path = libSDL2_mixer.a;
			remoteRef = F3ED80D5281D9ED600C33C5B /* PBXContainerItemProxy */;
			sourceTree = BUILT_PRODUCTS_DIR;
		};
		F3ED80D8281D9ED600C33C5B /* Create DMG */ = {
			isa = PBXReferenceProxy;
			fileType = "compiled.mach-o.executable";
			path = "Create DMG";
			remoteRef = F3ED80D7281D9ED600C33C5B /* PBXContainerItemProxy */;
			sourceTree = BUILT_PRODUCTS_DIR;
		};
/* End PBXReferenceProxy section */

/* Begin PBXResourcesBuildPhase section */
		F3ED80B1281D9E8900C33C5B /* Resources */ = {
			isa = PBXResourcesBuildPhase;
			buildActionMask = 2147483647;
			files = (
			);
			runOnlyForDeploymentPostprocessing = 0;
		};
		F3ED80B7281D9E8900C33C5B /* Resources */ = {
			isa = PBXResourcesBuildPhase;
			buildActionMask = 2147483647;
			files = (
			);
			runOnlyForDeploymentPostprocessing = 0;
		};
		F3ED80DD281D9F2100C33C5B /* Resources */ = {
			isa = PBXResourcesBuildPhase;
			buildActionMask = 2147483647;
			files = (
			);
			runOnlyForDeploymentPostprocessing = 0;
		};
/* End PBXResourcesBuildPhase section */

/* Begin PBXSourcesBuildPhase section */
		F3ED80AF281D9E8900C33C5B /* Sources */ = {
			isa = PBXSourcesBuildPhase;
			buildActionMask = 2147483647;
			files = (
				F3ED80CB281D9ECB00C33C5B /* playmus.c in Sources */,
				F3ED80F3281DA3BD00C33C5B /* SDL_uikit_main.c in Sources */,
			);
			runOnlyForDeploymentPostprocessing = 0;
		};
		F3ED80B5281D9E8900C33C5B /* Sources */ = {
			isa = PBXSourcesBuildPhase;
			buildActionMask = 2147483647;
			files = (
				F3ED80CC281D9ECB00C33C5B /* playmus.c in Sources */,
			);
			runOnlyForDeploymentPostprocessing = 0;
		};
		F3ED80DA281D9F2100C33C5B /* Sources */ = {
			isa = PBXSourcesBuildPhase;
			buildActionMask = 2147483647;
			files = (
				F3ED80DB281D9F2100C33C5B /* playmus.c in Sources */,
				F3ED80F4281DA3BD00C33C5B /* SDL_uikit_main.c in Sources */,
			);
			runOnlyForDeploymentPostprocessing = 0;
		};
/* End PBXSourcesBuildPhase section */

/* Begin XCBuildConfiguration section */
		F3ED80C2281D9E8900C33C5B /* Debug */ = {
			isa = XCBuildConfiguration;
			buildSettings = {
				COPY_PHASE_STRIP = NO;
				DEBUG_INFORMATION_FORMAT = dwarf;
				ENABLE_TESTABILITY = YES;
				FRAMEWORK_SEARCH_PATHS = "\"$(SRCROOT)/../$(PLATFORM)\"";
				GCC_DYNAMIC_NO_PIC = NO;
				GCC_OPTIMIZATION_LEVEL = 0;
				GCC_PREPROCESSOR_DEFINITIONS = (
					"DEBUG=1",
					"$(inherited)",
				);
				HEADER_SEARCH_PATHS = (
					"\"$(SRCROOT)/../../include\"",
					"\"$(SRCROOT)/../$(PLATFORM)/SDL2.framework/Headers\"",
				);
				IPHONEOS_DEPLOYMENT_TARGET = 8.0;
				MACOSX_DEPLOYMENT_TARGET = 10.7;
				ONLY_ACTIVE_ARCH = YES;
				PLATFORM = "";
				"PLATFORM[sdk=appletvos*]" = tvOS;
				"PLATFORM[sdk=iphoneos*]" = iOS;
				"PLATFORM[sdk=macosx*]" = macOS;
				TVOS_DEPLOYMENT_TARGET = 9.0;
			};
			name = Debug;
		};
		F3ED80C3281D9E8900C33C5B /* Release */ = {
			isa = XCBuildConfiguration;
			buildSettings = {
				COPY_PHASE_STRIP = NO;
				DEBUG_INFORMATION_FORMAT = "dwarf-with-dsym";
				FRAMEWORK_SEARCH_PATHS = "\"$(SRCROOT)/../$(PLATFORM)\"";
				HEADER_SEARCH_PATHS = (
					"\"$(SRCROOT)/../../include\"",
					"\"$(SRCROOT)/../$(PLATFORM)/SDL2.framework/Headers\"",
				);
				IPHONEOS_DEPLOYMENT_TARGET = 8.0;
				MACOSX_DEPLOYMENT_TARGET = 10.7;
				PLATFORM = "";
				"PLATFORM[sdk=appletvos*]" = tvOS;
				"PLATFORM[sdk=iphoneos*]" = iOS;
				"PLATFORM[sdk=macosx*]" = macOS;
				TVOS_DEPLOYMENT_TARGET = 9.0;
			};
			name = Release;
		};
		F3ED80C5281D9E8900C33C5B /* Debug */ = {
			isa = XCBuildConfiguration;
			buildSettings = {
				CODE_SIGN_STYLE = Automatic;
				CURRENT_PROJECT_VERSION = 1;
				DEVELOPMENT_TEAM = EH385AYQ6F;
				ENABLE_PREVIEWS = YES;
				GENERATE_INFOPLIST_FILE = YES;
				INFOPLIST_KEY_UIApplicationSceneManifest_Generation = YES;
				INFOPLIST_KEY_UIApplicationSupportsIndirectInputEvents = YES;
				INFOPLIST_KEY_UILaunchScreen_Generation = YES;
				INFOPLIST_KEY_UISupportedInterfaceOrientations_iPad = "UIInterfaceOrientationPortrait UIInterfaceOrientationPortraitUpsideDown UIInterfaceOrientationLandscapeLeft UIInterfaceOrientationLandscapeRight";
				INFOPLIST_KEY_UISupportedInterfaceOrientations_iPhone = "UIInterfaceOrientationPortrait UIInterfaceOrientationLandscapeLeft UIInterfaceOrientationLandscapeRight";
				LD_RUNPATH_SEARCH_PATHS = (
					"$(inherited)",
					"@executable_path/Frameworks",
				);
				MARKETING_VERSION = 1.0;
				PRODUCT_BUNDLE_IDENTIFIER = org.libsdl.playmus;
				PRODUCT_NAME = playmus;
				SDKROOT = iphoneos;
				TARGETED_DEVICE_FAMILY = "1,2";
			};
			name = Debug;
		};
		F3ED80C6281D9E8900C33C5B /* Release */ = {
			isa = XCBuildConfiguration;
			buildSettings = {
				CODE_SIGN_STYLE = Automatic;
				CURRENT_PROJECT_VERSION = 1;
				DEVELOPMENT_TEAM = EH385AYQ6F;
				ENABLE_PREVIEWS = YES;
				GENERATE_INFOPLIST_FILE = YES;
				INFOPLIST_KEY_UIApplicationSceneManifest_Generation = YES;
				INFOPLIST_KEY_UIApplicationSupportsIndirectInputEvents = YES;
				INFOPLIST_KEY_UILaunchScreen_Generation = YES;
				INFOPLIST_KEY_UISupportedInterfaceOrientations_iPad = "UIInterfaceOrientationPortrait UIInterfaceOrientationPortraitUpsideDown UIInterfaceOrientationLandscapeLeft UIInterfaceOrientationLandscapeRight";
				INFOPLIST_KEY_UISupportedInterfaceOrientations_iPhone = "UIInterfaceOrientationPortrait UIInterfaceOrientationLandscapeLeft UIInterfaceOrientationLandscapeRight";
				LD_RUNPATH_SEARCH_PATHS = (
					"$(inherited)",
					"@executable_path/Frameworks",
				);
				MARKETING_VERSION = 1.0;
				PRODUCT_BUNDLE_IDENTIFIER = org.libsdl.playmus;
				PRODUCT_NAME = playmus;
				SDKROOT = iphoneos;
				TARGETED_DEVICE_FAMILY = "1,2";
				VALIDATE_PRODUCT = YES;
			};
			name = Release;
		};
		F3ED80C8281D9E8900C33C5B /* Debug */ = {
			isa = XCBuildConfiguration;
			buildSettings = {
				CODE_SIGN_ENTITLEMENTS = macOS/macOS.entitlements;
				CODE_SIGN_STYLE = Automatic;
				CURRENT_PROJECT_VERSION = 1;
				ENABLE_PREVIEWS = YES;
				GENERATE_INFOPLIST_FILE = YES;
				INFOPLIST_KEY_NSHumanReadableCopyright = "";
				LD_RUNPATH_SEARCH_PATHS = (
					"$(inherited)",
					"@executable_path/../Frameworks",
				);
				MARKETING_VERSION = 1.0;
				PRODUCT_BUNDLE_IDENTIFIER = org.libsdl.playmus;
				PRODUCT_NAME = playmus;
				SDKROOT = macosx;
			};
			name = Debug;
		};
		F3ED80C9281D9E8900C33C5B /* Release */ = {
			isa = XCBuildConfiguration;
			buildSettings = {
				CODE_SIGN_ENTITLEMENTS = macOS/macOS.entitlements;
				CODE_SIGN_STYLE = Automatic;
				CURRENT_PROJECT_VERSION = 1;
				ENABLE_PREVIEWS = YES;
				GENERATE_INFOPLIST_FILE = YES;
				INFOPLIST_KEY_NSHumanReadableCopyright = "";
				LD_RUNPATH_SEARCH_PATHS = (
					"$(inherited)",
					"@executable_path/../Frameworks",
				);
				MARKETING_VERSION = 1.0;
				PRODUCT_BUNDLE_IDENTIFIER = org.libsdl.playmus;
				PRODUCT_NAME = playmus;
				SDKROOT = macosx;
			};
			name = Release;
		};
		F3ED80DF281D9F2100C33C5B /* Debug */ = {
			isa = XCBuildConfiguration;
			buildSettings = {
				CODE_SIGN_STYLE = Automatic;
				CURRENT_PROJECT_VERSION = 1;
				DEVELOPMENT_TEAM = EH385AYQ6F;
				ENABLE_PREVIEWS = YES;
				GENERATE_INFOPLIST_FILE = YES;
				INFOPLIST_KEY_UIApplicationSceneManifest_Generation = YES;
				INFOPLIST_KEY_UILaunchScreen_Generation = YES;
				LD_RUNPATH_SEARCH_PATHS = (
					"$(inherited)",
					"@executable_path/Frameworks",
				);
				MARKETING_VERSION = 1.0;
				PRODUCT_BUNDLE_IDENTIFIER = org.libsdl.playmus;
				PRODUCT_NAME = playmus;
				SDKROOT = appletvos;
			};
			name = Debug;
		};
		F3ED80E0281D9F2100C33C5B /* Release */ = {
			isa = XCBuildConfiguration;
			buildSettings = {
				CODE_SIGN_STYLE = Automatic;
				CURRENT_PROJECT_VERSION = 1;
				DEVELOPMENT_TEAM = EH385AYQ6F;
				ENABLE_PREVIEWS = YES;
				GENERATE_INFOPLIST_FILE = YES;
				INFOPLIST_KEY_UIApplicationSceneManifest_Generation = YES;
				INFOPLIST_KEY_UILaunchScreen_Generation = YES;
				LD_RUNPATH_SEARCH_PATHS = (
					"$(inherited)",
					"@executable_path/Frameworks",
				);
				MARKETING_VERSION = 1.0;
				PRODUCT_BUNDLE_IDENTIFIER = org.libsdl.playmus;
				PRODUCT_NAME = playmus;
				SDKROOT = appletvos;
				VALIDATE_PRODUCT = YES;
			};
			name = Release;
		};
/* End XCBuildConfiguration section */

/* Begin XCConfigurationList section */
		F3ED80AA281D9E8800C33C5B /* Build configuration list for PBXProject "playmus" */ = {
			isa = XCConfigurationList;
			buildConfigurations = (
				F3ED80C2281D9E8900C33C5B /* Debug */,
				F3ED80C3281D9E8900C33C5B /* Release */,
			);
			defaultConfigurationIsVisible = 0;
			defaultConfigurationName = Release;
		};
		F3ED80C4281D9E8900C33C5B /* Build configuration list for PBXNativeTarget "playmus (iOS)" */ = {
			isa = XCConfigurationList;
			buildConfigurations = (
				F3ED80C5281D9E8900C33C5B /* Debug */,
				F3ED80C6281D9E8900C33C5B /* Release */,
			);
			defaultConfigurationIsVisible = 0;
			defaultConfigurationName = Release;
		};
		F3ED80C7281D9E8900C33C5B /* Build configuration list for PBXNativeTarget "playmus (macOS)" */ = {
			isa = XCConfigurationList;
			buildConfigurations = (
				F3ED80C8281D9E8900C33C5B /* Debug */,
				F3ED80C9281D9E8900C33C5B /* Release */,
			);
			defaultConfigurationIsVisible = 0;
			defaultConfigurationName = Release;
		};
		F3ED80DE281D9F2100C33C5B /* Build configuration list for PBXNativeTarget "playmus (tvOS)" */ = {
			isa = XCConfigurationList;
			buildConfigurations = (
				F3ED80DF281D9F2100C33C5B /* Debug */,
				F3ED80E0281D9F2100C33C5B /* Release */,
			);
			defaultConfigurationIsVisible = 0;
			defaultConfigurationName = Release;
		};
/* End XCConfigurationList section */
	};
	rootObject = F3ED80A7281D9E8800C33C5B /* Project object */;
}
