<?xml version="1.0" encoding="utf-8"?>
<Project ToolsVersion="4.0" xmlns="http://schemas.microsoft.com/developer/msbuild/2003">
  <ItemGroup>
    <ClCompile Include="..\..\src\compat.c" />
    <ClCompile Include="..\..\src\effect_position.c" />
    <ClCompile Include="..\..\src\effect_stereoreverse.c" />
    <ClCompile Include="..\..\src\effects_internal.c" />
    <ClCompile Include="..\..\src\mixer.c" />
    <ClCompile Include="..\..\src\music.c" />
    <ClCompile Include="..\..\src\codecs\load_aiff.c" />
    <ClCompile Include="..\..\src\codecs\load_voc.c" />
    <ClCompile Include="..\..\src\codecs\mp3utils.c" />
    <ClCompile Include="..\..\src\codecs\music_cmd.c" />
    <ClCompile Include="..\..\src\codecs\music_flac.c" />
    <ClCompile Include="..\..\src\codecs\music_fluidsynth.c" />
    <ClCompile Include="..\..\src\codecs\music_mad.c" />
    <ClCompile Include="..\..\src\codecs\music_mikmod.c" />
    <ClCompile Include="..\..\src\codecs\music_modplug.c" />
    <ClCompile Include="..\..\src\codecs\music_mpg123.c" />
    <ClCompile Include="..\..\src\codecs\music_nativemidi.c" />
    <ClCompile Include="..\..\src\codecs\music_ogg.c" />
    <ClCompile Include="..\..\src\codecs\music_opus.c" />
    <ClCompile Include="..\..\src\codecs\music_timidity.c" />
    <ClCompile Include="..\..\src\codecs\music_wav.c" />
    <ClCompile Include="..\..\src\codecs\timidity\common.c">
      <Filter>Timidity</Filter>
    </ClCompile>
    <ClCompile Include="..\..\src\codecs\timidity\instrum.c">
      <Filter>Timidity</Filter>
    </ClCompile>
    <ClCompile Include="..\..\src\codecs\timidity\mix.c">
      <Filter>Timidity</Filter>
    </ClCompile>
    <ClCompile Include="..\..\src\codecs\timidity\output.c">
      <Filter>Timidity</Filter>
    </ClCompile>
    <ClCompile Include="..\..\src\codecs\timidity\playmidi.c">
      <Filter>Timidity</Filter>
    </ClCompile>
    <ClCompile Include="..\..\src\codecs\timidity\readmidi.c">
      <Filter>Timidity</Filter>
    </ClCompile>
    <ClCompile Include="..\..\src\codecs\timidity\resample.c">
      <Filter>Timidity</Filter>
    </ClCompile>
    <ClCompile Include="..\..\src\codecs\timidity\tables.c">
      <Filter>Timidity</Filter>
    </ClCompile>
    <ClCompile Include="..\..\src\codecs\timidity\timidity.c">
      <Filter>Timidity</Filter>
    </ClCompile>
  </ItemGroup>
  <ItemGroup>
    <ClInclude Include="..\..\include\SDL_mixer.h" />
    <ClInclude Include="..\..\src\compat.h" />
    <ClInclude Include="..\..\src\effects_internal.h" />
    <ClInclude Include="..\..\src\mixer.h" />
    <ClInclude Include="..\..\src\music.h" />
    <ClInclude Include="..\..\src\codecs\load_aiff.h" />
    <ClInclude Include="..\..\src\codecs\load_voc.h" />
    <ClInclude Include="..\..\src\codecs\mp3utils.h" />
    <ClInclude Include="..\..\src\codecs\music_cmd.h" />
    <ClInclude Include="..\..\src\codecs\music_flac.h" />
    <ClInclude Include="..\..\src\codecs\music_fluidsynth.h" />
    <ClInclude Include="..\..\src\codecs\music_mad.h" />
    <ClInclude Include="..\..\src\codecs\music_mikmod.h" />
    <ClInclude Include="..\..\src\codecs\music_modplug.h" />
    <ClInclude Include="..\..\src\codecs\music_mpg123.h" />
    <ClInclude Include="..\..\src\codecs\music_nativemidi.h" />
    <ClInclude Include="..\..\src\codecs\music_ogg.h" />
    <ClInclude Include="..\..\src\codecs\music_opus.h" />
    <ClInclude Include="..\..\src\codecs\music_timidity.h" />
    <ClInclude Include="..\..\src\codecs\music_wav.h" />
    <ClInclude Include="..\..\src\codecs\timidity\common.h">
      <Filter>Timidity</Filter>
    </ClInclude>
    <ClInclude Include="..\..\src\codecs\timidity\instrum.h">
      <Filter>Timidity</Filter>
    </ClInclude>
    <ClInclude Include="..\..\src\codecs\timidity\mix.h">
      <Filter>Timidity</Filter>
    </ClInclude>
    <ClInclude Include="..\..\src\codecs\timidity\options.h">
      <Filter>Timidity</Filter>
    </ClInclude>
    <ClInclude Include="..\..\src\codecs\timidity\output.h">
      <Filter>Timidity</Filter>
    </ClInclude>
    <ClInclude Include="..\..\src\codecs\timidity\playmidi.h">
      <Filter>Timidity</Filter>
    </ClInclude>
    <ClInclude Include="..\..\src\codecs\timidity\readmidi.h">
      <Filter>Timidity</Filter>
    </ClInclude>
    <ClInclude Include="..\..\src\codecs\timidity\resample.h">
      <Filter>Timidity</Filter>
    </ClInclude>
    <ClInclude Include="..\..\src\codecs\timidity\tables.h">
      <Filter>Timidity</Filter>
    </ClInclude>
    <ClInclude Include="..\..\src\codecs\timidity\timidity.h">
      <Filter>Timidity</Filter>
    </ClInclude>
  </ItemGroup>
  <ItemGroup>
    <Filter Include="Timidity">
      <UniqueIdentifier>{ba754ab5-5a7c-4e3c-9a2f-a1a8cf93fa90}</UniqueIdentifier>
    </Filter>
  </ItemGroup>
</Project>